PODS:
  - Pageboy (1.0.3)
  - PKHUD (4.2.1)
  - PureLayout (3.0.2)
  - Tabman (0.4.7):
    - Pageboy (~> 1.0.0)
    - PureLayout (~> 3.0.0)

DEPENDENCIES:
  - PKHUD (~> 4.0)
  - Tabman

SPEC CHECKSUMS:
  Pageboy: bbc0d544d9d6be8de8303379700b974c5f03e2fd
  PKHUD: 957ce2a68b3c97a51839b30216120c1dbc0c3a78
  PureLayout: 4d550abe49a94f24c2808b9b95db9131685fe4cd
  Tabman: 67ef2150950dd9b38e21393df4535487a098b20d

PODFILE CHECKSUM: 91f4a1995140af4a3209345b42663b12b30578d4

COCOAPODS: 1.2.1
